
Microsoft Visual Studio Solution File, Format Version 12.00
# Visual Studio Version 17
VisualStudioVersion = 17.9.34902.65
MinimumVisualStudioVersion = 10.0.40219.1
Project("{FAE04EC0-301F-11D3-BF4B-00C04F79EFBC}") = "silicon-tokenProvider", "silicon-tokenProvider\silicon-tokenProvider.csproj", "{D1BA1234-3664-4530-84B9-7C9C4B1E03A6}"
EndProject
Project("{FAE04EC0-301F-11D3-BF4B-00C04F79EFBC}") = "silicon-tokenProvider.Infrastructure", "silicon-tokenProvider.Infrastructure\silicon-tokenProvider.Infrastructure.csproj", "{A89E030F-344E-4C07-8F81-B14E8106691D}"
EndProject
Global
	GlobalSection(SolutionConfigurationPlatforms) = preSolution
		Debug|Any CPU = Debug|Any CPU
		Release|Any CPU = Release|Any CPU
	EndGlobalSection
	GlobalSection(ProjectConfigurationPlatforms) = postSolution
		{D1BA1234-3664-4530-84B9-7C9C4B1E03A6}.Debug|Any CPU.ActiveCfg = Debug|Any CPU
		{D1BA1234-3664-4530-84B9-7C9C4B1E03A6}.Debug|Any CPU.Build.0 = Debug|Any CPU
		{D1BA1234-3664-4530-84B9-7C9C4B1E03A6}.Release|Any CPU.ActiveCfg = Release|Any CPU
		{D1BA1234-3664-4530-84B9-7C9C4B1E03A6}.Release|Any CPU.Build.0 = Release|Any CPU
		{A89E030F-344E-4C07-8F81-B14E8106691D}.Debug|Any CPU.ActiveCfg = Debug|Any CPU
		{A89E030F-344E-4C07-8F81-B14E8106691D}.Debug|Any CPU.Build.0 = Debug|Any CPU
		{A89E030F-344E-4C07-8F81-B14E8106691D}.Release|Any CPU.ActiveCfg = Release|Any CPU
		{A89E030F-344E-4C07-8F81-B14E8106691D}.Release|Any CPU.Build.0 = Release|Any CPU
	EndGlobalSection
	GlobalSection(SolutionProperties) = preSolution
		HideSolutionNode = FALSE
	EndGlobalSection
	GlobalSection(ExtensibilityGlobals) = postSolution
		SolutionGuid = {866DE85B-D8CD-4239-BA40-E2997033737F}
	EndGlobalSection
EndGlobal
